
Microsoft Visual Studio Solution File, Format Version 12.00
# Visual Studio Version 16
VisualStudioVersion = 16.0.29424.173
MinimumVisualStudioVersion = 10.0.40219.1
Project("{FAE04EC0-301F-11D3-BF4B-00C04F79EFBC}") = "Task_008", "Task_008.csproj", "{DB3BCC3E-B65B-4F1A-9B23-1009CF464342}"
EndProject
Global
	GlobalSection(SolutionConfigurationPlatforms) = preSolution
		Debug|Any CPU = Debug|Any CPU
		Release|Any CPU = Release|Any CPU
	EndGlobalSection
	GlobalSection(ProjectConfigurationPlatforms) = postSolution
		{DB3BCC3E-B65B-4F1A-9B23-1009CF464342}.Debug|Any CPU.ActiveCfg = Debug|Any CPU
		{DB3BCC3E-B65B-4F1A-9B23-1009CF464342}.Debug|Any CPU.Build.0 = Debug|Any CPU
		{DB3BCC3E-B65B-4F1A-9B23-1009CF464342}.Release|Any CPU.ActiveCfg = Release|Any CPU
		{DB3BCC3E-B65B-4F1A-9B23-1009CF464342}.Release|Any CPU.Build.0 = Release|Any CPU
	EndGlobalSection
	GlobalSection(SolutionProperties) = preSolution
		HideSolutionNode = FALSE
	EndGlobalSection
	GlobalSection(ExtensibilityGlobals) = postSolution
		SolutionGuid = {E65FBF98-327D-4087-B226-9063CBE110D5}
	EndGlobalSection
EndGlobal
