
Microsoft Visual Studio Solution File, Format Version 12.00
# Visual Studio Version 16
VisualStudioVersion = 16.0.29102.190
MinimumVisualStudioVersion = 10.0.40219.1
Project("{FAE04EC0-301F-11D3-BF4B-00C04F79EFBC}") = "001_Intro", "001_Intro.csproj", "{4D3E4766-4D09-405E-B61A-6AE5B505DADF}"
EndProject
Project("{FAE04EC0-301F-11D3-BF4B-00C04F79EFBC}") = "002_Machine_Mathematics", "..\002_Machine_Mathematics\002_Machine_Mathematics.csproj", "{8E29E1CD-FB21-45E5-A00C-7AABFA9FB9D3}"
EndProject
Project("{FAE04EC0-301F-11D3-BF4B-00C04F79EFBC}") = "003_Variables", "..\003_Variables\003_Variables.csproj", "{9D790B38-9935-4C3F-AC6D-F6AE00F1B954}"
EndProject
Project("{FAE04EC0-301F-11D3-BF4B-00C04F79EFBC}") = "004_Conditions", "..\004_Conditions\004_Conditions.csproj", "{94FBC7E5-79B2-4B5E-87E7-845C3C55AB41}"
EndProject
Project("{FAE04EC0-301F-11D3-BF4B-00C04F79EFBC}") = "005_Logic", "..\005_Logic\005_Logic.csproj", "{566F8C1F-3BCF-47B4-914D-CB197D0824BF}"
EndProject
Project("{FAE04EC0-301F-11D3-BF4B-00C04F79EFBC}") = "006_Loops", "..\006_Loops\006_Loops.csproj", "{8407D4CF-AE69-4DCD-B8D0-145A29A90543}"
EndProject
Project("{FAE04EC0-301F-11D3-BF4B-00C04F79EFBC}") = "007_Methods", "..\007_Methods\007_Methods.csproj", "{19FFFDB7-4665-41BE-8232-5D8357F00A42}"
EndProject
Project("{FAE04EC0-301F-11D3-BF4B-00C04F79EFBC}") = "007.1_Methods_simple_calculator", "..\007.1_Methods_simple_calculator\007.1_Methods_simple_calculator.csproj", "{6982118D-CA2F-4920-88B9-7E029F09E644}"
EndProject
Global
	GlobalSection(SolutionConfigurationPlatforms) = preSolution
		Debug|Any CPU = Debug|Any CPU
		Release|Any CPU = Release|Any CPU
	EndGlobalSection
	GlobalSection(ProjectConfigurationPlatforms) = postSolution
		{4D3E4766-4D09-405E-B61A-6AE5B505DADF}.Debug|Any CPU.ActiveCfg = Debug|Any CPU
		{4D3E4766-4D09-405E-B61A-6AE5B505DADF}.Debug|Any CPU.Build.0 = Debug|Any CPU
		{4D3E4766-4D09-405E-B61A-6AE5B505DADF}.Release|Any CPU.ActiveCfg = Release|Any CPU
		{4D3E4766-4D09-405E-B61A-6AE5B505DADF}.Release|Any CPU.Build.0 = Release|Any CPU
		{8E29E1CD-FB21-45E5-A00C-7AABFA9FB9D3}.Debug|Any CPU.ActiveCfg = Debug|Any CPU
		{8E29E1CD-FB21-45E5-A00C-7AABFA9FB9D3}.Debug|Any CPU.Build.0 = Debug|Any CPU
		{8E29E1CD-FB21-45E5-A00C-7AABFA9FB9D3}.Release|Any CPU.ActiveCfg = Release|Any CPU
		{8E29E1CD-FB21-45E5-A00C-7AABFA9FB9D3}.Release|Any CPU.Build.0 = Release|Any CPU
		{9D790B38-9935-4C3F-AC6D-F6AE00F1B954}.Debug|Any CPU.ActiveCfg = Debug|Any CPU
		{9D790B38-9935-4C3F-AC6D-F6AE00F1B954}.Debug|Any CPU.Build.0 = Debug|Any CPU
		{9D790B38-9935-4C3F-AC6D-F6AE00F1B954}.Release|Any CPU.ActiveCfg = Release|Any CPU
		{9D790B38-9935-4C3F-AC6D-F6AE00F1B954}.Release|Any CPU.Build.0 = Release|Any CPU
		{94FBC7E5-79B2-4B5E-87E7-845C3C55AB41}.Debug|Any CPU.ActiveCfg = Debug|Any CPU
		{94FBC7E5-79B2-4B5E-87E7-845C3C55AB41}.Debug|Any CPU.Build.0 = Debug|Any CPU
		{94FBC7E5-79B2-4B5E-87E7-845C3C55AB41}.Release|Any CPU.ActiveCfg = Release|Any CPU
		{94FBC7E5-79B2-4B5E-87E7-845C3C55AB41}.Release|Any CPU.Build.0 = Release|Any CPU
		{566F8C1F-3BCF-47B4-914D-CB197D0824BF}.Debug|Any CPU.ActiveCfg = Debug|Any CPU
		{566F8C1F-3BCF-47B4-914D-CB197D0824BF}.Debug|Any CPU.Build.0 = Debug|Any CPU
		{566F8C1F-3BCF-47B4-914D-CB197D0824BF}.Release|Any CPU.ActiveCfg = Release|Any CPU
		{566F8C1F-3BCF-47B4-914D-CB197D0824BF}.Release|Any CPU.Build.0 = Release|Any CPU
		{8407D4CF-AE69-4DCD-B8D0-145A29A90543}.Debug|Any CPU.ActiveCfg = Debug|Any CPU
		{8407D4CF-AE69-4DCD-B8D0-145A29A90543}.Debug|Any CPU.Build.0 = Debug|Any CPU
		{8407D4CF-AE69-4DCD-B8D0-145A29A90543}.Release|Any CPU.ActiveCfg = Release|Any CPU
		{8407D4CF-AE69-4DCD-B8D0-145A29A90543}.Release|Any CPU.Build.0 = Release|Any CPU
		{19FFFDB7-4665-41BE-8232-5D8357F00A42}.Debug|Any CPU.ActiveCfg = Debug|Any CPU
		{19FFFDB7-4665-41BE-8232-5D8357F00A42}.Debug|Any CPU.Build.0 = Debug|Any CPU
		{19FFFDB7-4665-41BE-8232-5D8357F00A42}.Release|Any CPU.ActiveCfg = Release|Any CPU
		{19FFFDB7-4665-41BE-8232-5D8357F00A42}.Release|Any CPU.Build.0 = Release|Any CPU
		{6982118D-CA2F-4920-88B9-7E029F09E644}.Debug|Any CPU.ActiveCfg = Debug|Any CPU
		{6982118D-CA2F-4920-88B9-7E029F09E644}.Debug|Any CPU.Build.0 = Debug|Any CPU
		{6982118D-CA2F-4920-88B9-7E029F09E644}.Release|Any CPU.ActiveCfg = Release|Any CPU
		{6982118D-CA2F-4920-88B9-7E029F09E644}.Release|Any CPU.Build.0 = Release|Any CPU
	EndGlobalSection
	GlobalSection(SolutionProperties) = preSolution
		HideSolutionNode = FALSE
	EndGlobalSection
	GlobalSection(ExtensibilityGlobals) = postSolution
		SolutionGuid = {93E7B01A-B8D4-41D1-A5FA-BE935AFCDD1B}
	EndGlobalSection
EndGlobal
