
Microsoft Visual Studio Solution File, Format Version 12.00
# Visual Studio Version 16
VisualStudioVersion = 16.0.29424.173
MinimumVisualStudioVersion = 10.0.40219.1
Project("{FAE04EC0-301F-11D3-BF4B-00C04F79EFBC}") = "Task_002", "Task_002.csproj", "{BC5589A8-9E78-4F56-9A89-FDB03B517EA6}"
EndProject
Global
	GlobalSection(SolutionConfigurationPlatforms) = preSolution
		Debug|Any CPU = Debug|Any CPU
		Release|Any CPU = Release|Any CPU
	EndGlobalSection
	GlobalSection(ProjectConfigurationPlatforms) = postSolution
		{BC5589A8-9E78-4F56-9A89-FDB03B517EA6}.Debug|Any CPU.ActiveCfg = Debug|Any CPU
		{BC5589A8-9E78-4F56-9A89-FDB03B517EA6}.Debug|Any CPU.Build.0 = Debug|Any CPU
		{BC5589A8-9E78-4F56-9A89-FDB03B517EA6}.Release|Any CPU.ActiveCfg = Release|Any CPU
		{BC5589A8-9E78-4F56-9A89-FDB03B517EA6}.Release|Any CPU.Build.0 = Release|Any CPU
	EndGlobalSection
	GlobalSection(SolutionProperties) = preSolution
		HideSolutionNode = FALSE
	EndGlobalSection
	GlobalSection(ExtensibilityGlobals) = postSolution
		SolutionGuid = {14D9D2C1-32D1-43E5-8A8A-B5C568A4059C}
	EndGlobalSection
EndGlobal
